
Microsoft Visual Studio Solution File, Format Version 12.00
# Visual Studio Version 17
VisualStudioVersion = 17.9.34526.213
MinimumVisualStudioVersion = 10.0.40219.1
Project("{FAE04EC0-301F-11D3-BF4B-00C04F79EFBC}") = "eniyisinerede.API", "eniyisinerede.API\eniyisinerede.API.csproj", "{2039D59D-1569-4EB2-873C-C4A86F207782}"
EndProject
Global
	GlobalSection(SolutionConfigurationPlatforms) = preSolution
		Debug|Any CPU = Debug|Any CPU
		Release|Any CPU = Release|Any CPU
	EndGlobalSection
	GlobalSection(ProjectConfigurationPlatforms) = postSolution
		{2039D59D-1569-4EB2-873C-C4A86F207782}.Debug|Any CPU.ActiveCfg = Debug|Any CPU
		{2039D59D-1569-4EB2-873C-C4A86F207782}.Debug|Any CPU.Build.0 = Debug|Any CPU
		{2039D59D-1569-4EB2-873C-C4A86F207782}.Release|Any CPU.ActiveCfg = Release|Any CPU
		{2039D59D-1569-4EB2-873C-C4A86F207782}.Release|Any CPU.Build.0 = Release|Any CPU
	EndGlobalSection
	GlobalSection(SolutionProperties) = preSolution
		HideSolutionNode = FALSE
	EndGlobalSection
	GlobalSection(ExtensibilityGlobals) = postSolution
		SolutionGuid = {5C34B6A1-1104-40A2-AFA8-B21FC8E390DA}
	EndGlobalSection
EndGlobal
