
Microsoft Visual Studio Solution File, Format Version 12.00
# Visual Studio Version 17
VisualStudioVersion = 17.9.34526.213
MinimumVisualStudioVersion = 10.0.40219.1
Project("{2150E333-8FDC-42A3-9474-1A3956D46DE8}") = "Solution Items", "Solution Items", "{A429D9A2-F093-4C3D-9C68-2AB625664682}"
	ProjectSection(SolutionItems) = preProject
		docker-compose.override.yml = docker-compose.override.yml
		docker-compose.yml = docker-compose.yml
	EndProjectSection
EndProject
Project("{9A19103F-16F7-4668-BE54-9A1E7A4F7556}") = "Location.API", "Services\Location\Location.API\Location.API.csproj", "{2045DDB1-382E-4CE8-AD74-E7787DDC9D79}"
EndProject
Project("{9A19103F-16F7-4668-BE54-9A1E7A4F7556}") = "SharedLibrary", "Shared\SharedLibrary\SharedLibrary.csproj", "{95FA25C0-061A-4238-AD0F-A02EA309E1A8}"
EndProject
Project("{9A19103F-16F7-4668-BE54-9A1E7A4F7556}") = "eniyisinerede.IdentityServer", "IdentityServer\eniyisinerede.IdentityServer\eniyisinerede.IdentityServer.csproj", "{875D3020-2568-4EF5-8204-65003967CD1F}"
EndProject
Project("{9A19103F-16F7-4668-BE54-9A1E7A4F7556}") = "Place.API", "Services\Place\Place.API\Place.API.csproj", "{174C77B8-F73E-4851-ACDD-28948FF7FF1E}"
EndProject
Project("{9A19103F-16F7-4668-BE54-9A1E7A4F7556}") = "Product.API", "Services\Product\Product.API\Product.API.csproj", "{10918478-530F-443E-9572-FC4DB486E7D0}"
EndProject
Project("{9A19103F-16F7-4668-BE54-9A1E7A4F7556}") = "Location.Core", "Services\Location\Location.Core\Location.Core.csproj", "{69EC4828-1145-4457-A556-001E4FDD8778}"
EndProject
Project("{9A19103F-16F7-4668-BE54-9A1E7A4F7556}") = "Location.Repository", "Services\Location\Location.Repository\Location.Repository.csproj", "{E9E371B8-2D52-4338-8182-427571944011}"
EndProject
Project("{9A19103F-16F7-4668-BE54-9A1E7A4F7556}") = "Location.Models", "Services\Location\Location.Models\Location.Models.csproj", "{2993313C-35FE-464D-A817-6DDD6BB86AFF}"
EndProject
Project("{9A19103F-16F7-4668-BE54-9A1E7A4F7556}") = "Location.Service", "Services\Location\Location.Service\Location.Service.csproj", "{70723A03-B4E2-4EA9-A229-4A6BE8553025}"
EndProject
Global
	GlobalSection(SolutionConfigurationPlatforms) = preSolution
		Debug|Any CPU = Debug|Any CPU
		Release|Any CPU = Release|Any CPU
	EndGlobalSection
	GlobalSection(ProjectConfigurationPlatforms) = postSolution
		{2045DDB1-382E-4CE8-AD74-E7787DDC9D79}.Debug|Any CPU.ActiveCfg = Debug|Any CPU
		{2045DDB1-382E-4CE8-AD74-E7787DDC9D79}.Debug|Any CPU.Build.0 = Debug|Any CPU
		{2045DDB1-382E-4CE8-AD74-E7787DDC9D79}.Release|Any CPU.ActiveCfg = Release|Any CPU
		{2045DDB1-382E-4CE8-AD74-E7787DDC9D79}.Release|Any CPU.Build.0 = Release|Any CPU
		{95FA25C0-061A-4238-AD0F-A02EA309E1A8}.Debug|Any CPU.ActiveCfg = Debug|Any CPU
		{95FA25C0-061A-4238-AD0F-A02EA309E1A8}.Debug|Any CPU.Build.0 = Debug|Any CPU
		{95FA25C0-061A-4238-AD0F-A02EA309E1A8}.Release|Any CPU.ActiveCfg = Release|Any CPU
		{95FA25C0-061A-4238-AD0F-A02EA309E1A8}.Release|Any CPU.Build.0 = Release|Any CPU
		{875D3020-2568-4EF5-8204-65003967CD1F}.Debug|Any CPU.ActiveCfg = Debug|Any CPU
		{875D3020-2568-4EF5-8204-65003967CD1F}.Debug|Any CPU.Build.0 = Debug|Any CPU
		{875D3020-2568-4EF5-8204-65003967CD1F}.Release|Any CPU.ActiveCfg = Release|Any CPU
		{875D3020-2568-4EF5-8204-65003967CD1F}.Release|Any CPU.Build.0 = Release|Any CPU
		{174C77B8-F73E-4851-ACDD-28948FF7FF1E}.Debug|Any CPU.ActiveCfg = Debug|Any CPU
		{174C77B8-F73E-4851-ACDD-28948FF7FF1E}.Debug|Any CPU.Build.0 = Debug|Any CPU
		{174C77B8-F73E-4851-ACDD-28948FF7FF1E}.Release|Any CPU.ActiveCfg = Release|Any CPU
		{174C77B8-F73E-4851-ACDD-28948FF7FF1E}.Release|Any CPU.Build.0 = Release|Any CPU
		{10918478-530F-443E-9572-FC4DB486E7D0}.Debug|Any CPU.ActiveCfg = Debug|Any CPU
		{10918478-530F-443E-9572-FC4DB486E7D0}.Debug|Any CPU.Build.0 = Debug|Any CPU
		{10918478-530F-443E-9572-FC4DB486E7D0}.Release|Any CPU.ActiveCfg = Release|Any CPU
		{10918478-530F-443E-9572-FC4DB486E7D0}.Release|Any CPU.Build.0 = Release|Any CPU
		{69EC4828-1145-4457-A556-001E4FDD8778}.Debug|Any CPU.ActiveCfg = Debug|Any CPU
		{69EC4828-1145-4457-A556-001E4FDD8778}.Debug|Any CPU.Build.0 = Debug|Any CPU
		{69EC4828-1145-4457-A556-001E4FDD8778}.Release|Any CPU.ActiveCfg = Release|Any CPU
		{69EC4828-1145-4457-A556-001E4FDD8778}.Release|Any CPU.Build.0 = Release|Any CPU
		{E9E371B8-2D52-4338-8182-427571944011}.Debug|Any CPU.ActiveCfg = Debug|Any CPU
		{E9E371B8-2D52-4338-8182-427571944011}.Debug|Any CPU.Build.0 = Debug|Any CPU
		{E9E371B8-2D52-4338-8182-427571944011}.Release|Any CPU.ActiveCfg = Release|Any CPU
		{E9E371B8-2D52-4338-8182-427571944011}.Release|Any CPU.Build.0 = Release|Any CPU
		{2993313C-35FE-464D-A817-6DDD6BB86AFF}.Debug|Any CPU.ActiveCfg = Debug|Any CPU
		{2993313C-35FE-464D-A817-6DDD6BB86AFF}.Debug|Any CPU.Build.0 = Debug|Any CPU
		{2993313C-35FE-464D-A817-6DDD6BB86AFF}.Release|Any CPU.ActiveCfg = Release|Any CPU
		{2993313C-35FE-464D-A817-6DDD6BB86AFF}.Release|Any CPU.Build.0 = Release|Any CPU
		{70723A03-B4E2-4EA9-A229-4A6BE8553025}.Debug|Any CPU.ActiveCfg = Debug|Any CPU
		{70723A03-B4E2-4EA9-A229-4A6BE8553025}.Debug|Any CPU.Build.0 = Debug|Any CPU
		{70723A03-B4E2-4EA9-A229-4A6BE8553025}.Release|Any CPU.ActiveCfg = Release|Any CPU
		{70723A03-B4E2-4EA9-A229-4A6BE8553025}.Release|Any CPU.Build.0 = Release|Any CPU
	EndGlobalSection
	GlobalSection(SolutionProperties) = preSolution
		HideSolutionNode = FALSE
	EndGlobalSection
	GlobalSection(ExtensibilityGlobals) = postSolution
		SolutionGuid = {5C34B6A1-1104-40A2-AFA8-B21FC8E390DA}
	EndGlobalSection
EndGlobal
